# This file is automatically @generated by Poetry 1.5.1 and should not be changed by hand.

[[package]]
name = "functools32"
version = "3.2.3-2"
description = "Backport of the functools module from Python 3.2.3 for use on 2.7 and PyPy."
optional = false
python-versions = "*"
files = [
    {file = "functools32-3.2.3-2.tar.gz", hash = "sha256:f6253dfbe0538ad2e387bd8fdfd9293c925d63553f5813c4e587745416501e6d"},
    {file = "functools32-3.2.3-2.zip", hash = "sha256:89d824aa6c358c421a234d7f9ee0bd75933a67c29588ce50aaa3acdf4d403fa0"},
]

[[package]]
name = "stdlib-list"
version = "0.8.0"
description = "A list of Python Standard Libraries (2.6-7, 3.2-9)."
optional = false
python-versions = "*"
files = [
    {file = "stdlib-list-0.8.0.tar.gz", hash = "sha256:a1e503719720d71e2ed70ed809b385c60cd3fb555ba7ec046b96360d30b16d9f"},
    {file = "stdlib_list-0.8.0-py3-none-any.whl", hash = "sha256:2ae0712a55b68f3fbbc9e58d6fa1b646a062188f49745b495f94d3310a9fdd3e"},
]

[package.dependencies]
functools32 = {version = "*", markers = "python_version < \"3.2\""}

[package.extras]
develop = ["sphinx"]

[metadata]
lock-version = "2.0"
python-versions = "*"
content-hash = "8b78fbf594e25a1132aeb277913102bf977393c35bda8980907b2765868ebc4a"
